// !$*UTF8*$!
{
	archiveVersion = 1;
	classes = {
	};
	objectVersion = 46;
	objects = {

/* Begin PBXBuildFile section */
		B493B6AE1B2F71860061426E /* AppDelegate.swift in Sources */ = {isa = PBXBuildFile; fileRef = B493B6AD1B2F71860061426E /* AppDelegate.swift */; };
		B493B6B01B2F71860061426E /* ViewController.swift in Sources */ = {isa = PBXBuildFile; fileRef = B493B6AF1B2F71860061426E /* ViewController.swift */; };
		B493B6B51B2F71860061426E /* Images.xcassets in Resources */ = {isa = PBXBuildFile; fileRef = B493B6B41B2F71860061426E /* Images.xcassets */; };
		B493B6B81B2F71860061426E /* LaunchScreen.xib in Resources */ = {isa = PBXBuildFile; fileRef = B493B6B61B2F71860061426E /* LaunchScreen.xib */; };
		B493B6C41B2F71860061426E /* OpenSocialProfileTests.swift in Sources */ = {isa = PBXBuildFile; fileRef = B493B6C31B2F71860061426E /* OpenSocialProfileTests.swift */; };
		B4A557BD1B2F755F0043FC42 /* Unbolt.swift in Sources */ = {isa = PBXBuildFile; fileRef = B4A557BC1B2F755F0043FC42 /* Unbolt.swift */; };
/* End PBXBuildFile section */

/* Begin PBXContainerItemProxy section */
		B493B6BE1B2F71860061426E /* PBXContainerItemProxy */ = {
			isa = PBXContainerItemProxy;
			containerPortal = B493B6A01B2F71860061426E /* Project object */;
			proxyType = 1;
			remoteGlobalIDString = B493B6A71B2F71860061426E;
			remoteInfo = OpenSocialProfile;
		};
/* End PBXContainerItemProxy section */

/* Begin PBXFileReference section */
		B493B6A81B2F71860061426E /* OpenSocialProfile.app */ = {isa = PBXFileReference; explicitFileType = wrapper.application; includeInIndex = 0; path = OpenSocialProfile.app; sourceTree = BUILT_PRODUCTS_DIR; };
		B493B6AC1B2F71860061426E /* Info.plist */ = {isa = PBXFileReference; lastKnownFileType = text.plist.xml; path = Info.plist; sourceTree = "<group>"; };
		B493B6AD1B2F71860061426E /* AppDelegate.swift */ = {isa = PBXFileReference; lastKnownFileType = sourcecode.swift; path = AppDelegate.swift; sourceTree = "<group>"; };
		B493B6AF1B2F71860061426E /* ViewController.swift */ = {isa = PBXFileReference; lastKnownFileType = sourcecode.swift; path = ViewController.swift; sourceTree = "<group>"; };
		B493B6B41B2F71860061426E /* Images.xcassets */ = {isa = PBXFileReference; lastKnownFileType = folder.assetcatalog; path = Images.xcassets; sourceTree = "<group>"; };
		B493B6B71B2F71860061426E /* Base */ = {isa = PBXFileReference; lastKnownFileType = file.xib; name = Base; path = Base.lproj/LaunchScreen.xib; sourceTree = "<group>"; };
		B493B6BD1B2F71860061426E /* OpenSocialProfileTests.xctest */ = {isa = PBXFileReference; explicitFileType = wrapper.cfbundle; includeInIndex = 0; path = OpenSocialProfileTests.xctest; sourceTree = BUILT_PRODUCTS_DIR; };
		B493B6C21B2F71860061426E /* Info.plist */ = {isa = PBXFileReference; lastKnownFileType = text.plist.xml; path = Info.plist; sourceTree = "<group>"; };
		B493B6C31B2F71860061426E /* OpenSocialProfileTests.swift */ = {isa = PBXFileReference; lastKnownFileType = sourcecode.swift; path = OpenSocialProfileTests.swift; sourceTree = "<group>"; };
		B4A557BC1B2F755F0043FC42 /* Unbolt.swift */ = {isa = PBXFileReference; fileEncoding = 4; lastKnownFileType = sourcecode.swift; name = Unbolt.swift; path = ../Unbolt.swift; sourceTree = "<group>"; };
/* End PBXFileReference section */

/* Begin PBXFrameworksBuildPhase section */
		B493B6A51B2F71860061426E /* Frameworks */ = {
			isa = PBXFrameworksBuildPhase;
			buildActionMask = 2147483647;
			files = (
			);
			runOnlyForDeploymentPostprocessing = 0;
		};
		B493B6BA1B2F71860061426E /* Frameworks */ = {
			isa = PBXFrameworksBuildPhase;
			buildActionMask = 2147483647;
			files = (
			);
			runOnlyForDeploymentPostprocessing = 0;
		};
/* End PBXFrameworksBuildPhase section */

/* Begin PBXGroup section */
		B493B69F1B2F71860061426E = {
			isa = PBXGroup;
			children = (
				B493B6AA1B2F71860061426E /* OpenSocialProfile */,
				B4A557BC1B2F755F0043FC42 /* Unbolt.swift */,
				B493B6C01B2F71860061426E /* OpenSocialProfileTests */,
				B493B6A91B2F71860061426E /* Products */,
			);
			sourceTree = "<group>";
		};
		B493B6A91B2F71860061426E /* Products */ = {
			isa = PBXGroup;
			children = (
				B493B6A81B2F71860061426E /* OpenSocialProfile.app */,
				B493B6BD1B2F71860061426E /* OpenSocialProfileTests.xctest */,
			);
			name = Products;
			sourceTree = "<group>";
		};
		B493B6AA1B2F71860061426E /* OpenSocialProfile */ = {
			isa = PBXGroup;
			children = (
				B493B6AD1B2F71860061426E /* AppDelegate.swift */,
				B493B6AF1B2F71860061426E /* ViewController.swift */,
				B493B6B41B2F71860061426E /* Images.xcassets */,
				B493B6B61B2F71860061426E /* LaunchScreen.xib */,
				B493B6AB1B2F71860061426E /* Supporting Files */,
			);
			path = OpenSocialProfile;
			sourceTree = "<group>";
		};
		B493B6AB1B2F71860061426E /* Supporting Files */ = {
			isa = PBXGroup;
			children = (
				B493B6AC1B2F71860061426E /* Info.plist */,
			);
			name = "Supporting Files";
			sourceTree = "<group>";
		};
		B493B6C01B2F71860061426E /* OpenSocialProfileTests */ = {
			isa = PBXGroup;
			children = (
				B493B6C31B2F71860061426E /* OpenSocialProfileTests.swift */,
				B493B6C11B2F71860061426E /* Supporting Files */,
			);
			path = OpenSocialProfileTests;
			sourceTree = "<group>";
		};
		B493B6C11B2F71860061426E /* Supporting Files */ = {
			isa = PBXGroup;
			children = (
				B493B6C21B2F71860061426E /* Info.plist */,
			);
			name = "Supporting Files";
			sourceTree = "<group>";
		};
/* End PBXGroup section */

/* Begin PBXNativeTarget section */
		B493B6A71B2F71860061426E /* OpenSocialProfile */ = {
			isa = PBXNativeTarget;
			buildConfigurationList = B493B6C71B2F71860061426E /* Build configuration list for PBXNativeTarget "OpenSocialProfile" */;
			buildPhases = (
				B493B6A41B2F71860061426E /* Sources */,
				B493B6A51B2F71860061426E /* Frameworks */,
				B493B6A61B2F71860061426E /* Resources */,
			);
			buildRules = (
			);
			dependencies = (
			);
			name = OpenSocialProfile;
			productName = OpenSocialProfile;
			productReference = B493B6A81B2F71860061426E /* OpenSocialProfile.app */;
			productType = "com.apple.product-type.application";
		};
		B493B6BC1B2F71860061426E /* OpenSocialProfileTests */ = {
			isa = PBXNativeTarget;
			buildConfigurationList = B493B6CA1B2F71860061426E /* Build configuration list for PBXNativeTarget "OpenSocialProfileTests" */;
			buildPhases = (
				B493B6B91B2F71860061426E /* Sources */,
				B493B6BA1B2F71860061426E /* Frameworks */,
				B493B6BB1B2F71860061426E /* Resources */,
			);
			buildRules = (
			);
			dependencies = (
				B493B6BF1B2F71860061426E /* PBXTargetDependency */,
			);
			name = OpenSocialProfileTests;
			productName = OpenSocialProfileTests;
			productReference = B493B6BD1B2F71860061426E /* OpenSocialProfileTests.xctest */;
			productType = "com.apple.product-type.bundle.unit-test";
		};
/* End PBXNativeTarget section */

/* Begin PBXProject section */
		B493B6A01B2F71860061426E /* Project object */ = {
			isa = PBXProject;
			attributes = {
				LastUpgradeCheck = 0630;
				ORGANIZATIONNAME = "Lluis Gerard";
				TargetAttributes = {
					B493B6A71B2F71860061426E = {
						CreatedOnToolsVersion = 6.3.2;
					};
					B493B6BC1B2F71860061426E = {
						CreatedOnToolsVersion = 6.3.2;
						TestTargetID = B493B6A71B2F71860061426E;
					};
				};
			};
			buildConfigurationList = B493B6A31B2F71860061426E /* Build configuration list for PBXProject "OpenSocialProfile" */;
			compatibilityVersion = "Xcode 3.2";
			developmentRegion = English;
			hasScannedForEncodings = 0;
			knownRegions = (
				en,
				Base,
			);
			mainGroup = B493B69F1B2F71860061426E;
			productRefGroup = B493B6A91B2F71860061426E /* Products */;
			projectDirPath = "";
			projectRoot = "";
			targets = (
				B493B6A71B2F71860061426E /* OpenSocialProfile */,
				B493B6BC1B2F71860061426E /* OpenSocialProfileTests */,
			);
		};
/* End PBXProject section */

/* Begin PBXResourcesBuildPhase section */
		B493B6A61B2F71860061426E /* Resources */ = {
			isa = PBXResourcesBuildPhase;
			buildActionMask = 2147483647;
			files = (
				B493B6B81B2F71860061426E /* LaunchScreen.xib in Resources */,
				B493B6B51B2F71860061426E /* Images.xcassets in Resources */,
			);
			runOnlyForDeploymentPostprocessing = 0;
		};
		B493B6BB1B2F71860061426E /* Resources */ = {
			isa = PBXResourcesBuildPhase;
			buildActionMask = 2147483647;
			files = (
			);
			runOnlyForDeploymentPostprocessing = 0;
		};
/* End PBXResourcesBuildPhase section */

/* Begin PBXSourcesBuildPhase section */
		B493B6A41B2F71860061426E /* Sources */ = {
			isa = PBXSourcesBuildPhase;
			buildActionMask = 2147483647;
			files = (
				B493B6B01B2F71860061426E /* ViewController.swift in Sources */,
				B493B6AE1B2F71860061426E /* AppDelegate.swift in Sources */,
				B4A557BD1B2F755F0043FC42 /* Unbolt.swift in Sources */,
			);
			runOnlyForDeploymentPostprocessing = 0;
		};
		B493B6B91B2F71860061426E /* Sources */ = {
			isa = PBXSourcesBuildPhase;
			buildActionMask = 2147483647;
			files = (
				B493B6C41B2F71860061426E /* OpenSocialProfileTests.swift in Sources */,
			);
			runOnlyForDeploymentPostprocessing = 0;
		};
/* End PBXSourcesBuildPhase section */

/* Begin PBXTargetDependency section */
		B493B6BF1B2F71860061426E /* PBXTargetDependency */ = {
			isa = PBXTargetDependency;
			target = B493B6A71B2F71860061426E /* OpenSocialProfile */;
			targetProxy = B493B6BE1B2F71860061426E /* PBXContainerItemProxy */;
		};
/* End PBXTargetDependency section */

/* Begin PBXVariantGroup section */
		B493B6B61B2F71860061426E /* LaunchScreen.xib */ = {
			isa = PBXVariantGroup;
			children = (
				B493B6B71B2F71860061426E /* Base */,
			);
			name = LaunchScreen.xib;
			sourceTree = "<group>";
		};
/* End PBXVariantGroup section */

/* Begin XCBuildConfiguration section */
		B493B6C51B2F71860061426E /* Debug */ = {
			isa = XCBuildConfiguration;
			buildSettings = {
				ALWAYS_SEARCH_USER_PATHS = NO;
				CLANG_CXX_LANGUAGE_STANDARD = "gnu++0x";
				CLANG_CXX_LIBRARY = "libc++";
				CLANG_ENABLE_MODULES = YES;
				CLANG_ENABLE_OBJC_ARC = YES;
				CLANG_WARN_BOOL_CONVERSION = YES;
				CLANG_WARN_CONSTANT_CONVERSION = YES;
				CLANG_WARN_DIRECT_OBJC_ISA_USAGE = YES_ERROR;
				CLANG_WARN_EMPTY_BODY = YES;
				CLANG_WARN_ENUM_CONVERSION = YES;
				CLANG_WARN_INT_CONVERSION = YES;
				CLANG_WARN_OBJC_ROOT_CLASS = YES_ERROR;
				CLANG_WARN_UNREACHABLE_CODE = YES;
				CLANG_WARN__DUPLICATE_METHOD_MATCH = YES;
				"CODE_SIGN_IDENTITY[sdk=iphoneos*]" = "iPhone Developer";
				COPY_PHASE_STRIP = NO;
				DEBUG_INFORMATION_FORMAT = "dwarf-with-dsym";
				ENABLE_STRICT_OBJC_MSGSEND = YES;
				GCC_C_LANGUAGE_STANDARD = gnu99;
				GCC_DYNAMIC_NO_PIC = NO;
				GCC_NO_COMMON_BLOCKS = YES;
				GCC_OPTIMIZATION_LEVEL = 0;
				GCC_PREPROCESSOR_DEFINITIONS = (
					"DEBUG=1",
					"$(inherited)",
				);
				GCC_SYMBOLS_PRIVATE_EXTERN = NO;
				GCC_WARN_64_TO_32_BIT_CONVERSION = YES;
				GCC_WARN_ABOUT_RETURN_TYPE = YES_ERROR;
				GCC_WARN_UNDECLARED_SELECTOR = YES;
				GCC_WARN_UNINITIALIZED_AUTOS = YES_AGGRESSIVE;
				GCC_WARN_UNUSED_FUNCTION = YES;
				GCC_WARN_UNUSED_VARIABLE = YES;
				IPHONEOS_DEPLOYMENT_TARGET = 8.3;
				MTL_ENABLE_DEBUG_INFO = YES;
				ONLY_ACTIVE_ARCH = YES;
				SDKROOT = iphoneos;
				SWIFT_OPTIMIZATION_LEVEL = "-Onone";
				TARGETED_DEVICE_FAMILY = "1,2";
			};
			name = Debug;
		};
		B493B6C61B2F71860061426E /* Release */ = {
			isa = XCBuildConfiguration;
			buildSettings = {
				ALWAYS_SEARCH_USER_PATHS = NO;
				CLANG_CXX_LANGUAGE_STANDARD = "gnu++0x";
				CLANG_CXX_LIBRARY = "libc++";
				CLANG_ENABLE_MODULES = YES;
				CLANG_ENABLE_OBJC_ARC = YES;
				CLANG_WARN_BOOL_CONVERSION = YES;
				CLANG_WARN_CONSTANT_CONVERSION = YES;
				CLANG_WARN_DIRECT_OBJC_ISA_USAGE = YES_ERROR;
				CLANG_WARN_EMPTY_BODY = YES;
				CLANG_WARN_ENUM_CONVERSION = YES;
				CLANG_WARN_INT_CONVERSION = YES;
				CLANG_WARN_OBJC_ROOT_CLASS = YES_ERROR;
				CLANG_WARN_UNREACHABLE_CODE = YES;
				CLANG_WARN__DUPLICATE_METHOD_MATCH = YES;
				"CODE_SIGN_IDENTITY[sdk=iphoneos*]" = "iPhone Developer";
				COPY_PHASE_STRIP = NO;
				DEBUG_INFORMATION_FORMAT = "dwarf-with-dsym";
				ENABLE_NS_ASSERTIONS = NO;
				ENABLE_STRICT_OBJC_MSGSEND = YES;
				GCC_C_LANGUAGE_STANDARD = gnu99;
				GCC_NO_COMMON_BLOCKS = YES;
				GCC_WARN_64_TO_32_BIT_CONVERSION = YES;
				GCC_WARN_ABOUT_RETURN_TYPE = YES_ERROR;
				GCC_WARN_UNDECLARED_SELECTOR = YES;
				GCC_WARN_UNINITIALIZED_AUTOS = YES_AGGRESSIVE;
				GCC_WARN_UNUSED_FUNCTION = YES;
				GCC_WARN_UNUSED_VARIABLE = YES;
				IPHONEOS_DEPLOYMENT_TARGET = 8.3;
				MTL_ENABLE_DEBUG_INFO = NO;
				SDKROOT = iphoneos;
				TARGETED_DEVICE_FAMILY = "1,2";
				VALIDATE_PRODUCT = YES;
			};
			name = Release;
		};
		B493B6C81B2F71860061426E /* Debug */ = {
			isa = XCBuildConfiguration;
			buildSettings = {
				ASSETCATALOG_COMPILER_APPICON_NAME = AppIcon;
				INFOPLIST_FILE = OpenSocialProfile/Info.plist;
				LD_RUNPATH_SEARCH_PATHS = "$(inherited) @executable_path/Frameworks";
				PRODUCT_NAME = "$(TARGET_NAME)";
			};
			name = Debug;
		};
		B493B6C91B2F71860061426E /* Release */ = {
			isa = XCBuildConfiguration;
			buildSettings = {
				ASSETCATALOG_COMPILER_APPICON_NAME = AppIcon;
				INFOPLIST_FILE = OpenSocialProfile/Info.plist;
				LD_RUNPATH_SEARCH_PATHS = "$(inherited) @executable_path/Frameworks";
				PRODUCT_NAME = "$(TARGET_NAME)";
			};
			name = Release;
		};
		B493B6CB1B2F71860061426E /* Debug */ = {
			isa = XCBuildConfiguration;
			buildSettings = {
				BUNDLE_LOADER = "$(TEST_HOST)";
				FRAMEWORK_SEARCH_PATHS = (
					"$(SDKROOT)/Developer/Library/Frameworks",
					"$(inherited)",
				);
				GCC_PREPROCESSOR_DEFINITIONS = (
					"DEBUG=1",
					"$(inherited)",
				);
				INFOPLIST_FILE = OpenSocialProfileTests/Info.plist;
				LD_RUNPATH_SEARCH_PATHS = "$(inherited) @executable_path/Frameworks @loader_path/Frameworks";
				PRODUCT_NAME = "$(TARGET_NAME)";
				TEST_HOST = "$(BUILT_PRODUCTS_DIR)/OpenSocialProfile.app/OpenSocialProfile";
			};
			name = Debug;
		};
		B493B6CC1B2F71860061426E /* Release */ = {
			isa = XCBuildConfiguration;
			buildSettings = {
				BUNDLE_LOADER = "$(TEST_HOST)";
				FRAMEWORK_SEARCH_PATHS = (
					"$(SDKROOT)/Developer/Library/Frameworks",
					"$(inherited)",
				);
				INFOPLIST_FILE = OpenSocialProfileTests/Info.plist;
				LD_RUNPATH_SEARCH_PATHS = "$(inherited) @executable_path/Frameworks @loader_path/Frameworks";
				PRODUCT_NAME = "$(TARGET_NAME)";
				TEST_HOST = "$(BUILT_PRODUCTS_DIR)/OpenSocialProfile.app/OpenSocialProfile";
			};
			name = Release;
		};
/* End XCBuildConfiguration section */

/* Begin XCConfigurationList section */
		B493B6A31B2F71860061426E /* Build configuration list for PBXProject "OpenSocialProfile" */ = {
			isa = XCConfigurationList;
			buildConfigurations = (
				B493B6C51B2F71860061426E /* Debug */,
				B493B6C61B2F71860061426E /* Release */,
			);
			defaultConfigurationIsVisible = 0;
			defaultConfigurationName = Release;
		};
		B493B6C71B2F71860061426E /* Build configuration list for PBXNativeTarget "OpenSocialProfile" */ = {
			isa = XCConfigurationList;
			buildConfigurations = (
				B493B6C81B2F71860061426E /* Debug */,
				B493B6C91B2F71860061426E /* Release */,
			);
			defaultConfigurationIsVisible = 0;
			defaultConfigurationName = Release;
		};
		B493B6CA1B2F71860061426E /* Build configuration list for PBXNativeTarget "OpenSocialProfileTests" */ = {
			isa = XCConfigurationList;
			buildConfigurations = (
				B493B6CB1B2F71860061426E /* Debug */,
				B493B6CC1B2F71860061426E /* Release */,
			);
			defaultConfigurationIsVisible = 0;
			defaultConfigurationName = Release;
		};
/* End XCConfigurationList section */
	};
	rootObject = B493B6A01B2F71860061426E /* Project object */;
}
